
Microsoft Visual Studio Solution File, Format Version 12.00
# Visual Studio Version 16
VisualStudioVersion = 16.0.31624.102
MinimumVisualStudioVersion = 10.0.40219.1
Project("{FAE04EC0-301F-11D3-BF4B-00C04F79EFBC}") = "MySales", "MySales\MySales.csproj", "{2C0F92EE-01CD-470B-8858-EA92B209141A}"
EndProject
Global
	GlobalSection(SolutionConfigurationPlatforms) = preSolution
		Debug|Any CPU = Debug|Any CPU
		Release|Any CPU = Release|Any CPU
	EndGlobalSection
	GlobalSection(ProjectConfigurationPlatforms) = postSolution
		{2C0F92EE-01CD-470B-8858-EA92B209141A}.Debug|Any CPU.ActiveCfg = Debug|Any CPU
		{2C0F92EE-01CD-470B-8858-EA92B209141A}.Debug|Any CPU.Build.0 = Debug|Any CPU
		{2C0F92EE-01CD-470B-8858-EA92B209141A}.Release|Any CPU.ActiveCfg = Release|Any CPU
		{2C0F92EE-01CD-470B-8858-EA92B209141A}.Release|Any CPU.Build.0 = Release|Any CPU
	EndGlobalSection
	GlobalSection(SolutionProperties) = preSolution
		HideSolutionNode = FALSE
	EndGlobalSection
	GlobalSection(ExtensibilityGlobals) = postSolution
		SolutionGuid = {5E356C36-AEF9-44B5-AE96-2AA49D277C47}
	EndGlobalSection
EndGlobal
